{
    "_readme": [
        "This file locks the dependencies of your project to a known state",
        "Read more about it at http://getcomposer.org/doc/01-basic-usage.md#composer-lock-the-lock-file"
    ],
    "hash": "ea5d8683703dc432da99250367cd619f",
    "packages": [
        {
            "name": "minond/cache",
            "version": "v1.0.0",
            "source": {
                "type": "git",
                "url": "https://github.com/minond/Cache.git",
                "reference": "f3b77d80ac6794a5d713864f722b44d646e3aebd"
            },
            "dist": {
                "type": "zip",
                "url": "https://api.github.com/repos/minond/Cache/zipball/f3b77d80ac6794a5d713864f722b44d646e3aebd",
                "reference": "f3b77d80ac6794a5d713864f722b44d646e3aebd",
                "shasum": ""
            },
            "require": {
                "php": ">=5.4.0"
            },
            "require-dev": {
                "satooshi/php-coveralls": "dev-master"
            },
            "type": "library",
            "autoload": {
                "psr-0": {
                    "Efficio": "src/"
                }
            },
            "notification-url": "https://packagist.org/downloads/",
            "license": [
                "GPL-2.0+"
            ],
            "authors": [
                {
                    "name": "Marcos Minond",
                    "email": "minond.marcos@gmail.com"
                }
            ],
            "description": "Cache",
            "time": "2014-01-31 06:00:43"
        },
        {
            "name": "minond/configurare",
            "version": "v1.0.1",
            "source": {
                "type": "git",
                "url": "https://github.com/minond/Configurare.git",
                "reference": "9816facc85f1943e18e20c6cbe1638e43533e8bb"
            },
            "dist": {
                "type": "zip",
                "url": "https://api.github.com/repos/minond/Configurare/zipball/9816facc85f1943e18e20c6cbe1638e43533e8bb",
                "reference": "9816facc85f1943e18e20c6cbe1638e43533e8bb",
                "shasum": ""
            },
            "require": {
                "minond/cache": "1.*",
                "minond/utilitatis": "1.*",
                "php": ">=5.4.0",
                "symfony/yaml": "2.*"
            },
            "require-dev": {
                "satooshi/php-coveralls": "dev-master"
            },
            "type": "library",
            "autoload": {
                "psr-0": {
                    "Efficio": "src/"
                }
            },
            "notification-url": "https://packagist.org/downloads/",
            "license": [
                "GPL-2.0+"
            ],
            "authors": [
                {
                    "name": "Marcos Minond",
                    "email": "minond.marcos@gmail.com"
                }
            ],
            "description": "Configuration management",
            "time": "2014-02-01 19:29:35"
        },
        {
            "name": "minond/event",
            "version": "v1.0.0",
            "source": {
                "type": "git",
                "url": "https://github.com/minond/Event.git",
                "reference": "9c973c34a53d0f70aa9e9fa5ffee69f01915fc1a"
            },
            "dist": {
                "type": "zip",
                "url": "https://api.github.com/repos/minond/Event/zipball/9c973c34a53d0f70aa9e9fa5ffee69f01915fc1a",
                "reference": "9c973c34a53d0f70aa9e9fa5ffee69f01915fc1a",
                "shasum": ""
            },
            "require": {
                "php": ">=5.3.0"
            },
            "require-dev": {
                "satooshi/php-coveralls": "dev-master"
            },
            "type": "library",
            "autoload": {
                "psr-0": {
                    "Efficio": "src/"
                }
            },
            "notification-url": "https://packagist.org/downloads/",
            "license": [
                "GPL-2.0+"
            ],
            "authors": [
                {
                    "name": "Marcos Minond",
                    "email": "minond.marcos@gmail.com"
                }
            ],
            "description": "Events and signals",
            "time": "2014-01-31 06:13:20"
        },
        {
            "name": "minond/fabrico",
            "version": "dev-master",
            "source": {
                "type": "git",
                "url": "https://github.com/minond/Fabrico.git",
                "reference": "b5aa0c36ec573b2576adb45d84770b1f7ebba092"
            },
            "dist": {
                "type": "zip",
                "url": "https://api.github.com/repos/minond/Fabrico/zipball/b5aa0c36ec573b2576adb45d84770b1f7ebba092",
                "reference": "b5aa0c36ec573b2576adb45d84770b1f7ebba092",
                "shasum": ""
            },
            "require": {
                "minond/cache": "1.*",
                "minond/configurare": "1.*",
                "minond/event": "1.*",
                "minond/http": "1.*",
                "minond/model": "1.*",
                "minond/utilitatis": "1.*",
                "php": ">=5.4.0",
                "symfony/console": "2.*",
                "symfony/yaml": "2.*",
                "twig/twig": "1.*"
            },
            "require-dev": {
                "satooshi/php-coveralls": "dev-master"
            },
            "suggest": {
                "minond/nice_error": "for better error output",
                "minond/profiler": "for basic profiling needs"
            },
            "bin": [
                "bin/console"
            ],
            "type": "library",
            "autoload": {
                "psr-0": {
                    "Fabrico": "src/"
                },
                "files": [
                    "scripts/env.php"
                ]
            },
            "notification-url": "https://packagist.org/downloads/",
            "description": "PHP framework",
            "time": "2014-02-24 05:59:01"
        },
        {
            "name": "minond/http",
            "version": "v1.0.2",
            "source": {
                "type": "git",
                "url": "https://github.com/minond/Http.git",
                "reference": "93f53a9b7e689ad2d3e227d48dc386a54b1e3b16"
            },
            "dist": {
                "type": "zip",
                "url": "https://api.github.com/repos/minond/Http/zipball/93f53a9b7e689ad2d3e227d48dc386a54b1e3b16",
                "reference": "93f53a9b7e689ad2d3e227d48dc386a54b1e3b16",
                "shasum": ""
            },
            "require": {
                "minond/utilitatis": "1.*",
                "php": ">=5.4.0"
            },
            "require-dev": {
                "satooshi/php-coveralls": "dev-master"
            },
            "type": "library",
            "autoload": {
                "psr-0": {
                    "Efficio": "src/"
                }
            },
            "notification-url": "https://packagist.org/downloads/",
            "license": [
                "GPL-2.0+"
            ],
            "authors": [
                {
                    "name": "Marcos Minond",
                    "email": "minond.marcos@gmail.com"
                }
            ],
            "description": "Http helpers",
            "time": "2014-02-01 19:29:59"
        },
        {
            "name": "minond/model",
            "version": "v1.0.1",
            "source": {
                "type": "git",
                "url": "https://github.com/minond/Model.git",
                "reference": "bf4b26473acab69af8704512e4f1c08de1cc68cb"
            },
            "dist": {
                "type": "zip",
                "url": "https://api.github.com/repos/minond/Model/zipball/bf4b26473acab69af8704512e4f1c08de1cc68cb",
                "reference": "bf4b26473acab69af8704512e4f1c08de1cc68cb",
                "shasum": ""
            },
            "require": {
                "minond/utilitatis": "1.*",
                "php": ">=5.4.0"
            },
            "require-dev": {
                "satooshi/php-coveralls": "dev-master"
            },
            "type": "library",
            "autoload": {
                "psr-0": {
                    "Efficio": "src/"
                }
            },
            "notification-url": "https://packagist.org/downloads/",
            "license": [
                "GPL-2.0+"
            ],
            "authors": [
                {
                    "name": "Marcos Minond",
                    "email": "minond.marcos@gmail.com"
                }
            ],
            "description": "Object models",
            "time": "2014-02-01 19:30:01"
        },
        {
            "name": "minond/utilitatis",
            "version": "v1.0.1",
            "source": {
                "type": "git",
                "url": "https://github.com/minond/Utilitatis.git",
                "reference": "a9f9c0a1bc87ae3a00c787f964bcf1ad9388784a"
            },
            "dist": {
                "type": "zip",
                "url": "https://api.github.com/repos/minond/Utilitatis/zipball/a9f9c0a1bc87ae3a00c787f964bcf1ad9388784a",
                "reference": "a9f9c0a1bc87ae3a00c787f964bcf1ad9388784a",
                "shasum": ""
            },
            "require": {
                "php": ">=5.4.0"
            },
            "require-dev": {
                "satooshi/php-coveralls": "dev-master"
            },
            "type": "library",
            "autoload": {
                "psr-0": {
                    "Efficio": "src/"
                }
            },
            "notification-url": "https://packagist.org/downloads/",
            "license": [
                "GPL-2.0+"
            ],
            "authors": [
                {
                    "name": "Marcos Minond",
                    "email": "minond.marcos@gmail.com"
                }
            ],
            "description": "Helper functions and classes",
            "time": "2014-02-08 17:39:53"
        },
        {
            "name": "symfony/console",
            "version": "v2.4.2",
            "target-dir": "Symfony/Component/Console",
            "source": {
                "type": "git",
                "url": "https://github.com/symfony/Console.git",
                "reference": "940f217cbc3c8a33e5403e7c595495c4884400fe"
            },
            "dist": {
                "type": "zip",
                "url": "https://api.github.com/repos/symfony/Console/zipball/940f217cbc3c8a33e5403e7c595495c4884400fe",
                "reference": "940f217cbc3c8a33e5403e7c595495c4884400fe",
                "shasum": ""
            },
            "require": {
                "php": ">=5.3.3"
            },
            "require-dev": {
                "symfony/event-dispatcher": "~2.1"
            },
            "suggest": {
                "symfony/event-dispatcher": ""
            },
            "type": "library",
            "extra": {
                "branch-alias": {
                    "dev-master": "2.4-dev"
                }
            },
            "autoload": {
                "psr-0": {
                    "Symfony\\Component\\Console\\": ""
                }
            },
            "notification-url": "https://packagist.org/downloads/",
            "license": [
                "MIT"
            ],
            "authors": [
                {
                    "name": "Fabien Potencier",
                    "email": "fabien@symfony.com",
                    "homepage": "http://fabien.potencier.org",
                    "role": "Lead Developer"
                },
                {
                    "name": "Symfony Community",
                    "homepage": "http://symfony.com/contributors"
                }
            ],
            "description": "Symfony Console Component",
            "homepage": "http://symfony.com",
            "time": "2014-02-11 13:52:09"
        },
        {
            "name": "symfony/yaml",
            "version": "v2.4.2",
            "target-dir": "Symfony/Component/Yaml",
            "source": {
                "type": "git",
                "url": "https://github.com/symfony/Yaml.git",
                "reference": "bb6ddaf8956139d1b8c360b4b713ed0138e876b3"
            },
            "dist": {
                "type": "zip",
                "url": "https://api.github.com/repos/symfony/Yaml/zipball/bb6ddaf8956139d1b8c360b4b713ed0138e876b3",
                "reference": "bb6ddaf8956139d1b8c360b4b713ed0138e876b3",
                "shasum": ""
            },
            "require": {
                "php": ">=5.3.3"
            },
            "type": "library",
            "extra": {
                "branch-alias": {
                    "dev-master": "2.4-dev"
                }
            },
            "autoload": {
                "psr-0": {
                    "Symfony\\Component\\Yaml\\": ""
                }
            },
            "notification-url": "https://packagist.org/downloads/",
            "license": [
                "MIT"
            ],
            "authors": [
                {
                    "name": "Fabien Potencier",
                    "email": "fabien@symfony.com",
                    "homepage": "http://fabien.potencier.org",
                    "role": "Lead Developer"
                },
                {
                    "name": "Symfony Community",
                    "homepage": "http://symfony.com/contributors"
                }
            ],
            "description": "Symfony Yaml Component",
            "homepage": "http://symfony.com",
            "time": "2014-01-07 13:28:54"
        },
        {
            "name": "twig/twig",
            "version": "v1.15.1",
            "source": {
                "type": "git",
                "url": "https://github.com/fabpot/Twig.git",
                "reference": "1fb5784662f438d7d96a541e305e28b812e2eeed"
            },
            "dist": {
                "type": "zip",
                "url": "https://api.github.com/repos/fabpot/Twig/zipball/1fb5784662f438d7d96a541e305e28b812e2eeed",
                "reference": "1fb5784662f438d7d96a541e305e28b812e2eeed",
                "shasum": ""
            },
            "require": {
                "php": ">=5.2.4"
            },
            "type": "library",
            "extra": {
                "branch-alias": {
                    "dev-master": "1.15-dev"
                }
            },
            "autoload": {
                "psr-0": {
                    "Twig_": "lib/"
                }
            },
            "notification-url": "https://packagist.org/downloads/",
            "license": [
                "BSD-3-Clause"
            ],
            "authors": [
                {
                    "name": "Fabien Potencier",
                    "email": "fabien@symfony.com",
                    "homepage": "http://fabien.potencier.org",
                    "role": "Lead Developer"
                },
                {
                    "name": "Armin Ronacher",
                    "email": "armin.ronacher@active-4.com",
                    "role": "Project Founder"
                },
                {
                    "name": "Twig Team",
                    "homepage": "https://github.com/fabpot/Twig/graphs/contributors",
                    "role": "Contributors"
                }
            ],
            "description": "Twig, the flexible, fast, and secure template language for PHP",
            "homepage": "http://twig.sensiolabs.org",
            "keywords": [
                "templating"
            ],
            "time": "2014-02-13 10:19:29"
        }
    ],
    "packages-dev": [
        {
            "name": "minond/nice_error",
            "version": "dev-master",
            "source": {
                "type": "git",
                "url": "https://github.com/minond/NiceError.git",
                "reference": "2987393eab37c78e7f59bb21a08c57d9d85ef7d5"
            },
            "dist": {
                "type": "zip",
                "url": "https://api.github.com/repos/minond/NiceError/zipball/2987393eab37c78e7f59bb21a08c57d9d85ef7d5",
                "reference": "2987393eab37c78e7f59bb21a08c57d9d85ef7d5",
                "shasum": ""
            },
            "require": {
                "php": ">=5.3.0"
            },
            "type": "library",
            "autoload": {
                "psr-0": {
                    "util": "src/"
                },
                "files": [
                    "autorun.php"
                ]
            },
            "notification-url": "https://packagist.org/downloads/",
            "license": [
                "GPL-2.0+"
            ],
            "authors": [
                {
                    "name": "Marcos Minond",
                    "email": "minond.marcos@gmail.com"
                }
            ],
            "description": "Nicer error output",
            "time": "2014-01-31 06:48:36"
        },
        {
            "name": "minond/profiler",
            "version": "dev-master",
            "source": {
                "type": "git",
                "url": "https://github.com/minond/Profiler.git",
                "reference": "ad821093c890a865f07c63791ea2291347b8ab62"
            },
            "dist": {
                "type": "zip",
                "url": "https://api.github.com/repos/minond/Profiler/zipball/ad821093c890a865f07c63791ea2291347b8ab62",
                "reference": "ad821093c890a865f07c63791ea2291347b8ab62",
                "shasum": ""
            },
            "require": {
                "php": ">=5.3.0"
            },
            "type": "library",
            "autoload": {
                "psr-0": {
                    "util": "src/"
                },
                "files": [
                    "profiler.php"
                ]
            },
            "notification-url": "https://packagist.org/downloads/",
            "license": [
                "GPL-2.0+"
            ],
            "authors": [
                {
                    "name": "Marcos Minond",
                    "email": "minond.marcos@gmail.com"
                }
            ],
            "description": "PHP profiler",
            "time": "2014-01-31 06:55:14"
        }
    ],
    "aliases": [

    ],
    "minimum-stability": "stable",
    "stability-flags": {
        "minond/fabrico": 20,
        "minond/nice_error": 20,
        "minond/profiler": 20
    },
    "platform": [

    ],
    "platform-dev": [

    ]
}
