{
    "_readme": [
        "This file locks the dependencies of your project to a known state",
        "Read more about it at http://getcomposer.org/doc/01-basic-usage.md#composer-lock-the-lock-file"
    ],
    "hash": "8b6ab19f8010c0315061726bd118e0a4",
    "packages": [
        {
            "name": "components/modernizr",
            "version": "2.6.2",
            "source": {
                "type": "git",
                "url": "https://github.com/components/modernizr.git",
                "reference": "c470050f9906b1197ddaa7aace41f73eba5f4ecf"
            },
            "dist": {
                "type": "zip",
                "url": "https://api.github.com/repos/components/modernizr/zipball/c470050f9906b1197ddaa7aace41f73eba5f4ecf",
                "reference": "c470050f9906b1197ddaa7aace41f73eba5f4ecf",
                "shasum": ""
            },
            "require": {
                "robloach/component-installer": "*"
            },
            "type": "component",
            "extra": {
                "component": {
                    "scripts": [
                        "modernizr.js"
                    ],
                    "shim": {
                        "exports": "window.Modernizr"
                    }
                }
            },
            "notification-url": "https://packagist.org/downloads/",
            "license": [
                "MIT"
            ],
            "authors": [
                {
                    "name": "Modernizr",
                    "homepage": "http://modernizr.com"
                },
                {
                    "name": "Faruk Ates"
                },
                {
                    "name": "Paul Irish"
                },
                {
                    "name": "Alex Sexton"
                },
                {
                    "name": "Ryan Seddon"
                },
                {
                    "name": "Alexander Farkas"
                },
                {
                    "name": "Ben Alman"
                },
                {
                    "name": "Stu Cox"
                }
            ],
            "description": "Modernizr is a JavaScript library that detects HTML5 and CSS3 features in the user's browser.",
            "homepage": "http://modernizr.com",
            "keywords": [
                "CSS3",
                "HTML5",
                "browser",
                "feature detection"
            ],
            "time": "2013-03-31 12:34:31"
        },
        {
            "name": "components/normalize.css",
            "version": "2.1.2",
            "source": {
                "type": "git",
                "url": "https://github.com/components/normalize.css.git",
                "reference": "444055467d693c67923643a0f593eff8a7afc588"
            },
            "dist": {
                "type": "zip",
                "url": "https://api.github.com/repos/components/normalize.css/zipball/444055467d693c67923643a0f593eff8a7afc588",
                "reference": "444055467d693c67923643a0f593eff8a7afc588",
                "shasum": ""
            },
            "require": {
                "robloach/component-installer": "*"
            },
            "type": "component",
            "extra": {
                "component": {
                    "name": "normalize-css",
                    "styles": [
                        "normalize.css"
                    ]
                }
            },
            "notification-url": "https://packagist.org/downloads/",
            "license": [
                "MIT"
            ],
            "description": "Normalize.css is a customisable CSS file that makes browsers render all elements more consistently and in line with modern standards.",
            "homepage": "http://necolas.github.com/normalize.css/",
            "time": "2013-10-24 03:39:15"
        },
        {
            "name": "kriswallsmith/assetic",
            "version": "v1.1.2",
            "source": {
                "type": "git",
                "url": "https://github.com/kriswallsmith/assetic.git",
                "reference": "735cffd3982c6e8cdebe292d5db39d077f65890f"
            },
            "dist": {
                "type": "zip",
                "url": "https://api.github.com/repos/kriswallsmith/assetic/zipball/735cffd3982c6e8cdebe292d5db39d077f65890f",
                "reference": "735cffd3982c6e8cdebe292d5db39d077f65890f",
                "shasum": ""
            },
            "require": {
                "php": ">=5.3.1",
                "symfony/process": "~2.1"
            },
            "require-dev": {
                "cssmin/cssmin": "*",
                "joliclic/javascript-packer": "*",
                "kamicane/packager": "*",
                "leafo/lessphp": "*",
                "leafo/scssphp": "*",
                "leafo/scssphp-compass": "*",
                "mrclay/minify": "*",
                "phpunit/phpunit": "~3.7",
                "ptachoire/cssembed": "*",
                "twig/twig": "~1.6"
            },
            "suggest": {
                "leafo/lessphp": "Assetic provides the integration with the lessphp LESS compiler",
                "leafo/scssphp": "Assetic provides the integration with the scssphp SCSS compiler",
                "leafo/scssphp-compass": "Assetic provides the integration with the SCSS compass plugin",
                "ptachoire/cssembed": "Assetic provides the integration with phpcssembed to embed data uris",
                "twig/twig": "Assetic provides the integration with the Twig templating engine"
            },
            "type": "library",
            "extra": {
                "branch-alias": {
                    "dev-master": "1.1-dev"
                }
            },
            "autoload": {
                "psr-0": {
                    "Assetic": "src/"
                },
                "files": [
                    "src/functions.php"
                ]
            },
            "notification-url": "https://packagist.org/downloads/",
            "license": [
                "MIT"
            ],
            "authors": [
                {
                    "name": "Kris Wallsmith",
                    "email": "kris.wallsmith@gmail.com",
                    "homepage": "http://kriswallsmith.net/"
                }
            ],
            "description": "Asset Management for PHP",
            "homepage": "https://github.com/kriswallsmith/assetic",
            "keywords": [
                "assets",
                "compression",
                "minification"
            ],
            "time": "2013-07-19 00:03:27"
        },
        {
            "name": "minond/cache",
            "version": "v1.0.0",
            "source": {
                "type": "git",
                "url": "https://github.com/minond/Cache.git",
                "reference": "f3b77d80ac6794a5d713864f722b44d646e3aebd"
            },
            "dist": {
                "type": "zip",
                "url": "https://api.github.com/repos/minond/Cache/zipball/f3b77d80ac6794a5d713864f722b44d646e3aebd",
                "reference": "f3b77d80ac6794a5d713864f722b44d646e3aebd",
                "shasum": ""
            },
            "require": {
                "php": ">=5.4.0"
            },
            "require-dev": {
                "satooshi/php-coveralls": "dev-master"
            },
            "type": "library",
            "autoload": {
                "psr-0": {
                    "Efficio": "src/"
                }
            },
            "notification-url": "https://packagist.org/downloads/",
            "license": [
                "GPL-2.0+"
            ],
            "authors": [
                {
                    "name": "Marcos Minond",
                    "email": "minond.marcos@gmail.com"
                }
            ],
            "description": "Cache",
            "time": "2014-01-31 06:00:43"
        },
        {
            "name": "minond/configurare",
            "version": "v1.0.1",
            "source": {
                "type": "git",
                "url": "https://github.com/minond/Configurare.git",
                "reference": "9816facc85f1943e18e20c6cbe1638e43533e8bb"
            },
            "dist": {
                "type": "zip",
                "url": "https://api.github.com/repos/minond/Configurare/zipball/9816facc85f1943e18e20c6cbe1638e43533e8bb",
                "reference": "9816facc85f1943e18e20c6cbe1638e43533e8bb",
                "shasum": ""
            },
            "require": {
                "minond/cache": "1.*",
                "minond/utilitatis": "1.*",
                "php": ">=5.4.0",
                "symfony/yaml": "2.*"
            },
            "require-dev": {
                "satooshi/php-coveralls": "dev-master"
            },
            "type": "library",
            "autoload": {
                "psr-0": {
                    "Efficio": "src/"
                }
            },
            "notification-url": "https://packagist.org/downloads/",
            "license": [
                "GPL-2.0+"
            ],
            "authors": [
                {
                    "name": "Marcos Minond",
                    "email": "minond.marcos@gmail.com"
                }
            ],
            "description": "Configuration management",
            "time": "2014-02-01 19:29:35"
        },
        {
            "name": "minond/event",
            "version": "v1.0.0",
            "source": {
                "type": "git",
                "url": "https://github.com/minond/Event.git",
                "reference": "9c973c34a53d0f70aa9e9fa5ffee69f01915fc1a"
            },
            "dist": {
                "type": "zip",
                "url": "https://api.github.com/repos/minond/Event/zipball/9c973c34a53d0f70aa9e9fa5ffee69f01915fc1a",
                "reference": "9c973c34a53d0f70aa9e9fa5ffee69f01915fc1a",
                "shasum": ""
            },
            "require": {
                "php": ">=5.3.0"
            },
            "require-dev": {
                "satooshi/php-coveralls": "dev-master"
            },
            "type": "library",
            "autoload": {
                "psr-0": {
                    "Efficio": "src/"
                }
            },
            "notification-url": "https://packagist.org/downloads/",
            "license": [
                "GPL-2.0+"
            ],
            "authors": [
                {
                    "name": "Marcos Minond",
                    "email": "minond.marcos@gmail.com"
                }
            ],
            "description": "Events and signals",
            "time": "2014-01-31 06:13:20"
        },
        {
            "name": "minond/fabrico",
            "version": "dev-master",
            "source": {
                "type": "git",
                "url": "https://github.com/minond/Fabrico.git",
                "reference": "3e66beee74335561f4a9f3c4692d30cdcbbed6bb"
            },
            "dist": {
                "type": "zip",
                "url": "https://api.github.com/repos/minond/Fabrico/zipball/3e66beee74335561f4a9f3c4692d30cdcbbed6bb",
                "reference": "3e66beee74335561f4a9f3c4692d30cdcbbed6bb",
                "shasum": ""
            },
            "require": {
                "components/modernizr": "2.*",
                "components/normalize.css": "2.*",
                "minond/cache": "1.*",
                "minond/configurare": "1.*",
                "minond/event": "1.*",
                "minond/http": "1.*",
                "minond/model": "1.*",
                "minond/utilitatis": "1.*",
                "php": ">=5.4.0",
                "symfony/console": "2.*",
                "symfony/yaml": "2.*",
                "twig/twig": "1.*"
            },
            "suggest": {
                "minond/nice_error": "for better error output",
                "minond/profiler": "for basic profiling needs"
            },
            "bin": [
                "bin/console"
            ],
            "type": "library",
            "autoload": {
                "psr-0": {
                    "Fabrico": "src/"
                },
                "files": [
                    "scripts/env.php"
                ]
            },
            "notification-url": "https://packagist.org/downloads/",
            "description": "Small PHP framework",
            "time": "2014-02-04 04:56:10"
        },
        {
            "name": "minond/http",
            "version": "v1.0.2",
            "source": {
                "type": "git",
                "url": "https://github.com/minond/Http.git",
                "reference": "93f53a9b7e689ad2d3e227d48dc386a54b1e3b16"
            },
            "dist": {
                "type": "zip",
                "url": "https://api.github.com/repos/minond/Http/zipball/93f53a9b7e689ad2d3e227d48dc386a54b1e3b16",
                "reference": "93f53a9b7e689ad2d3e227d48dc386a54b1e3b16",
                "shasum": ""
            },
            "require": {
                "minond/utilitatis": "1.*",
                "php": ">=5.4.0"
            },
            "require-dev": {
                "satooshi/php-coveralls": "dev-master"
            },
            "type": "library",
            "autoload": {
                "psr-0": {
                    "Efficio": "src/"
                }
            },
            "notification-url": "https://packagist.org/downloads/",
            "license": [
                "GPL-2.0+"
            ],
            "authors": [
                {
                    "name": "Marcos Minond",
                    "email": "minond.marcos@gmail.com"
                }
            ],
            "description": "Http helpers",
            "time": "2014-02-01 19:29:59"
        },
        {
            "name": "minond/model",
            "version": "v1.0.1",
            "source": {
                "type": "git",
                "url": "https://github.com/minond/Model.git",
                "reference": "bf4b26473acab69af8704512e4f1c08de1cc68cb"
            },
            "dist": {
                "type": "zip",
                "url": "https://api.github.com/repos/minond/Model/zipball/bf4b26473acab69af8704512e4f1c08de1cc68cb",
                "reference": "bf4b26473acab69af8704512e4f1c08de1cc68cb",
                "shasum": ""
            },
            "require": {
                "minond/utilitatis": "1.*",
                "php": ">=5.4.0"
            },
            "require-dev": {
                "satooshi/php-coveralls": "dev-master"
            },
            "type": "library",
            "autoload": {
                "psr-0": {
                    "Efficio": "src/"
                }
            },
            "notification-url": "https://packagist.org/downloads/",
            "license": [
                "GPL-2.0+"
            ],
            "authors": [
                {
                    "name": "Marcos Minond",
                    "email": "minond.marcos@gmail.com"
                }
            ],
            "description": "Object models",
            "time": "2014-02-01 19:30:01"
        },
        {
            "name": "minond/utilitatis",
            "version": "v1.0.0",
            "source": {
                "type": "git",
                "url": "https://github.com/minond/Utilitatis.git",
                "reference": "bfe1ae7105a8f10524f6f7d1dbb9c1dff180beef"
            },
            "dist": {
                "type": "zip",
                "url": "https://api.github.com/repos/minond/Utilitatis/zipball/bfe1ae7105a8f10524f6f7d1dbb9c1dff180beef",
                "reference": "bfe1ae7105a8f10524f6f7d1dbb9c1dff180beef",
                "shasum": ""
            },
            "require": {
                "php": ">=5.4.0"
            },
            "require-dev": {
                "satooshi/php-coveralls": "dev-master"
            },
            "type": "library",
            "autoload": {
                "psr-0": {
                    "Efficio": "src/"
                }
            },
            "notification-url": "https://packagist.org/downloads/",
            "license": [
                "GPL-2.0+"
            ],
            "authors": [
                {
                    "name": "Marcos Minond",
                    "email": "minond.marcos@gmail.com"
                }
            ],
            "description": "Helper functions and classes",
            "time": "2014-01-31 05:51:30"
        },
        {
            "name": "robloach/component-installer",
            "version": "0.0.12",
            "source": {
                "type": "git",
                "url": "https://github.com/RobLoach/component-installer.git",
                "reference": "1864f25db21fc173e02a359f646acd596c1b0460"
            },
            "dist": {
                "type": "zip",
                "url": "https://api.github.com/repos/RobLoach/component-installer/zipball/1864f25db21fc173e02a359f646acd596c1b0460",
                "reference": "1864f25db21fc173e02a359f646acd596c1b0460",
                "shasum": ""
            },
            "require": {
                "kriswallsmith/assetic": "1.*",
                "php": ">=5.3.2"
            },
            "require-dev": {
                "composer/composer": "1.*"
            },
            "type": "composer-installer",
            "extra": {
                "class": "ComponentInstaller\\Installer"
            },
            "autoload": {
                "psr-0": {
                    "ComponentInstaller": "src/"
                }
            },
            "notification-url": "https://packagist.org/downloads/",
            "license": [
                "MIT"
            ],
            "authors": [
                {
                    "name": "Rob Loach",
                    "email": "robloach@gmail.com",
                    "homepage": "http://robloach.net"
                }
            ],
            "description": "Allows installation of Components via Composer.",
            "time": "2013-08-31 23:46:48"
        },
        {
            "name": "symfony/console",
            "version": "v2.4.1",
            "target-dir": "Symfony/Component/Console",
            "source": {
                "type": "git",
                "url": "https://github.com/symfony/Console.git",
                "reference": "4c1ed2ff514bd85ee186eebb010ccbdeeab05af7"
            },
            "dist": {
                "type": "zip",
                "url": "https://api.github.com/repos/symfony/Console/zipball/4c1ed2ff514bd85ee186eebb010ccbdeeab05af7",
                "reference": "4c1ed2ff514bd85ee186eebb010ccbdeeab05af7",
                "shasum": ""
            },
            "require": {
                "php": ">=5.3.3"
            },
            "require-dev": {
                "symfony/event-dispatcher": "~2.1"
            },
            "suggest": {
                "symfony/event-dispatcher": ""
            },
            "type": "library",
            "extra": {
                "branch-alias": {
                    "dev-master": "2.4-dev"
                }
            },
            "autoload": {
                "psr-0": {
                    "Symfony\\Component\\Console\\": ""
                }
            },
            "notification-url": "https://packagist.org/downloads/",
            "license": [
                "MIT"
            ],
            "authors": [
                {
                    "name": "Fabien Potencier",
                    "email": "fabien@symfony.com"
                },
                {
                    "name": "Symfony Community",
                    "homepage": "http://symfony.com/contributors"
                }
            ],
            "description": "Symfony Console Component",
            "homepage": "http://symfony.com",
            "time": "2014-01-01 08:14:50"
        },
        {
            "name": "symfony/process",
            "version": "v2.4.1",
            "target-dir": "Symfony/Component/Process",
            "source": {
                "type": "git",
                "url": "https://github.com/symfony/Process.git",
                "reference": "58fdccb311e44f28866f976c2d7b3227e9f713db"
            },
            "dist": {
                "type": "zip",
                "url": "https://api.github.com/repos/symfony/Process/zipball/58fdccb311e44f28866f976c2d7b3227e9f713db",
                "reference": "58fdccb311e44f28866f976c2d7b3227e9f713db",
                "shasum": ""
            },
            "require": {
                "php": ">=5.3.3"
            },
            "type": "library",
            "extra": {
                "branch-alias": {
                    "dev-master": "2.4-dev"
                }
            },
            "autoload": {
                "psr-0": {
                    "Symfony\\Component\\Process\\": ""
                }
            },
            "notification-url": "https://packagist.org/downloads/",
            "license": [
                "MIT"
            ],
            "authors": [
                {
                    "name": "Fabien Potencier",
                    "email": "fabien@symfony.com"
                },
                {
                    "name": "Symfony Community",
                    "homepage": "http://symfony.com/contributors"
                }
            ],
            "description": "Symfony Process Component",
            "homepage": "http://symfony.com",
            "time": "2014-01-05 02:10:50"
        },
        {
            "name": "symfony/yaml",
            "version": "v2.4.1",
            "target-dir": "Symfony/Component/Yaml",
            "source": {
                "type": "git",
                "url": "https://github.com/symfony/Yaml.git",
                "reference": "4e1a237fc48145fae114b96458d799746ad89aa0"
            },
            "dist": {
                "type": "zip",
                "url": "https://api.github.com/repos/symfony/Yaml/zipball/4e1a237fc48145fae114b96458d799746ad89aa0",
                "reference": "4e1a237fc48145fae114b96458d799746ad89aa0",
                "shasum": ""
            },
            "require": {
                "php": ">=5.3.3"
            },
            "type": "library",
            "extra": {
                "branch-alias": {
                    "dev-master": "2.4-dev"
                }
            },
            "autoload": {
                "psr-0": {
                    "Symfony\\Component\\Yaml\\": ""
                }
            },
            "notification-url": "https://packagist.org/downloads/",
            "license": [
                "MIT"
            ],
            "authors": [
                {
                    "name": "Fabien Potencier",
                    "email": "fabien@symfony.com"
                },
                {
                    "name": "Symfony Community",
                    "homepage": "http://symfony.com/contributors"
                }
            ],
            "description": "Symfony Yaml Component",
            "homepage": "http://symfony.com",
            "time": "2013-12-28 08:12:03"
        },
        {
            "name": "twig/twig",
            "version": "v1.15.0",
            "source": {
                "type": "git",
                "url": "https://github.com/fabpot/Twig.git",
                "reference": "85e4ff98000157ff753d934b9f13659a953f5666"
            },
            "dist": {
                "type": "zip",
                "url": "https://api.github.com/repos/fabpot/Twig/zipball/85e4ff98000157ff753d934b9f13659a953f5666",
                "reference": "85e4ff98000157ff753d934b9f13659a953f5666",
                "shasum": ""
            },
            "require": {
                "php": ">=5.2.4"
            },
            "type": "library",
            "extra": {
                "branch-alias": {
                    "dev-master": "1.15-dev"
                }
            },
            "autoload": {
                "psr-0": {
                    "Twig_": "lib/"
                }
            },
            "notification-url": "https://packagist.org/downloads/",
            "license": [
                "BSD-3-Clause"
            ],
            "authors": [
                {
                    "name": "Fabien Potencier",
                    "email": "fabien@symfony.com"
                },
                {
                    "name": "Armin Ronacher2",
                    "email": "armin.ronacher@active-4.com"
                }
            ],
            "description": "Twig, the flexible, fast, and secure template language for PHP",
            "homepage": "http://twig.sensiolabs.org",
            "keywords": [
                "templating"
            ],
            "time": "2013-12-06 07:47:10"
        }
    ],
    "packages-dev": [
        {
            "name": "minond/nice_error",
            "version": "dev-master",
            "source": {
                "type": "git",
                "url": "https://github.com/minond/NiceError.git",
                "reference": "2987393eab37c78e7f59bb21a08c57d9d85ef7d5"
            },
            "dist": {
                "type": "zip",
                "url": "https://api.github.com/repos/minond/NiceError/zipball/2987393eab37c78e7f59bb21a08c57d9d85ef7d5",
                "reference": "2987393eab37c78e7f59bb21a08c57d9d85ef7d5",
                "shasum": ""
            },
            "require": {
                "php": ">=5.3.0"
            },
            "type": "library",
            "autoload": {
                "psr-0": {
                    "util": "src/"
                },
                "files": [
                    "autorun.php"
                ]
            },
            "notification-url": "https://packagist.org/downloads/",
            "license": [
                "GPL-2.0+"
            ],
            "authors": [
                {
                    "name": "Marcos Minond",
                    "email": "minond.marcos@gmail.com"
                }
            ],
            "description": "Nicer error output",
            "time": "2014-01-31 06:48:36"
        },
        {
            "name": "minond/profiler",
            "version": "dev-master",
            "source": {
                "type": "git",
                "url": "https://github.com/minond/Profiler.git",
                "reference": "ad821093c890a865f07c63791ea2291347b8ab62"
            },
            "dist": {
                "type": "zip",
                "url": "https://api.github.com/repos/minond/Profiler/zipball/ad821093c890a865f07c63791ea2291347b8ab62",
                "reference": "ad821093c890a865f07c63791ea2291347b8ab62",
                "shasum": ""
            },
            "require": {
                "php": ">=5.3.0"
            },
            "type": "library",
            "autoload": {
                "psr-0": {
                    "util": "src/"
                },
                "files": [
                    "profiler.php"
                ]
            },
            "notification-url": "https://packagist.org/downloads/",
            "license": [
                "GPL-2.0+"
            ],
            "authors": [
                {
                    "name": "Marcos Minond",
                    "email": "minond.marcos@gmail.com"
                }
            ],
            "description": "PHP profiler",
            "time": "2014-01-31 06:55:14"
        }
    ],
    "aliases": [

    ],
    "minimum-stability": "stable",
    "stability-flags": {
        "minond/fabrico": 20,
        "minond/nice_error": 20,
        "minond/profiler": 20
    },
    "platform": [

    ],
    "platform-dev": [

    ]
}
